
Microsoft Visual Studio Solution File, Format Version 12.00
# Visual Studio Version 17
VisualStudioVersion = 17.10.35201.131
MinimumVisualStudioVersion = 10.0.40219.1
Project("{2150E333-8FDC-42A3-9474-1A3956D46DE8}") = "Core", "Core", "{F4DD5C18-2BF6-4B9B-AF40-181A3DD30B87}"
EndProject
Project("{2150E333-8FDC-42A3-9474-1A3956D46DE8}") = "Frontend", "Frontend", "{501767AE-3760-49DB-A91F-249881FE0D83}"
EndProject
Project("{2150E333-8FDC-42A3-9474-1A3956D46DE8}") = "Infrastructure", "Infrastructure", "{04CB56DF-E05D-4AB0-9E31-D3B5B5DCCDC9}"
EndProject
Project("{2150E333-8FDC-42A3-9474-1A3956D46DE8}") = "Presentation", "Presentation", "{C05BEE2A-0F48-4B60-9143-C2D1776064E3}"
EndProject
Project("{2150E333-8FDC-42A3-9474-1A3956D46DE8}") = "Requirements", "Requirements", "{69EAA762-6911-4932-B3D5-AC62CB8B8CF1}"
EndProject
Project("{FAE04EC0-301F-11D3-BF4B-00C04F79EFBC}") = "MovieProjectApi.Domain", "Core\MovieProjectApi.Domain\MovieProjectApi.Domain.csproj", "{591A57BF-CFEB-4587-B1AD-E0443069618D}"
EndProject
Project("{FAE04EC0-301F-11D3-BF4B-00C04F79EFBC}") = "MovieApi.Persistence", "Infrastructure\MovieApi.Persistence\MovieApi.Persistence.csproj", "{F996B679-EC9A-4634-B76F-A447DAD46609}"
EndProject
Project("{FAE04EC0-301F-11D3-BF4B-00C04F79EFBC}") = "MovieProjectApi.WebApi", "Presentation\MovieProjectApi.WebApi\MovieProjectApi.WebApi.csproj", "{6579E1C6-B6A1-4E3E-AB9A-F4E39DC8DEFC}"
EndProject
Project("{FAE04EC0-301F-11D3-BF4B-00C04F79EFBC}") = "MovieProjectApi.Application", "Core\MovieProjectApi.Application\MovieProjectApi.Application.csproj", "{12C81254-A072-4424-8C35-68C179233237}"
EndProject
Global
	GlobalSection(SolutionConfigurationPlatforms) = preSolution
		Debug|Any CPU = Debug|Any CPU
		Release|Any CPU = Release|Any CPU
	EndGlobalSection
	GlobalSection(ProjectConfigurationPlatforms) = postSolution
		{591A57BF-CFEB-4587-B1AD-E0443069618D}.Debug|Any CPU.ActiveCfg = Debug|Any CPU
		{591A57BF-CFEB-4587-B1AD-E0443069618D}.Debug|Any CPU.Build.0 = Debug|Any CPU
		{591A57BF-CFEB-4587-B1AD-E0443069618D}.Release|Any CPU.ActiveCfg = Release|Any CPU
		{591A57BF-CFEB-4587-B1AD-E0443069618D}.Release|Any CPU.Build.0 = Release|Any CPU
		{F996B679-EC9A-4634-B76F-A447DAD46609}.Debug|Any CPU.ActiveCfg = Debug|Any CPU
		{F996B679-EC9A-4634-B76F-A447DAD46609}.Debug|Any CPU.Build.0 = Debug|Any CPU
		{F996B679-EC9A-4634-B76F-A447DAD46609}.Release|Any CPU.ActiveCfg = Release|Any CPU
		{F996B679-EC9A-4634-B76F-A447DAD46609}.Release|Any CPU.Build.0 = Release|Any CPU
		{6579E1C6-B6A1-4E3E-AB9A-F4E39DC8DEFC}.Debug|Any CPU.ActiveCfg = Debug|Any CPU
		{6579E1C6-B6A1-4E3E-AB9A-F4E39DC8DEFC}.Debug|Any CPU.Build.0 = Debug|Any CPU
		{6579E1C6-B6A1-4E3E-AB9A-F4E39DC8DEFC}.Release|Any CPU.ActiveCfg = Release|Any CPU
		{6579E1C6-B6A1-4E3E-AB9A-F4E39DC8DEFC}.Release|Any CPU.Build.0 = Release|Any CPU
		{12C81254-A072-4424-8C35-68C179233237}.Debug|Any CPU.ActiveCfg = Debug|Any CPU
		{12C81254-A072-4424-8C35-68C179233237}.Debug|Any CPU.Build.0 = Debug|Any CPU
		{12C81254-A072-4424-8C35-68C179233237}.Release|Any CPU.ActiveCfg = Release|Any CPU
		{12C81254-A072-4424-8C35-68C179233237}.Release|Any CPU.Build.0 = Release|Any CPU
	EndGlobalSection
	GlobalSection(SolutionProperties) = preSolution
		HideSolutionNode = FALSE
	EndGlobalSection
	GlobalSection(NestedProjects) = preSolution
		{591A57BF-CFEB-4587-B1AD-E0443069618D} = {F4DD5C18-2BF6-4B9B-AF40-181A3DD30B87}
		{F996B679-EC9A-4634-B76F-A447DAD46609} = {04CB56DF-E05D-4AB0-9E31-D3B5B5DCCDC9}
		{6579E1C6-B6A1-4E3E-AB9A-F4E39DC8DEFC} = {C05BEE2A-0F48-4B60-9143-C2D1776064E3}
		{12C81254-A072-4424-8C35-68C179233237} = {F4DD5C18-2BF6-4B9B-AF40-181A3DD30B87}
	EndGlobalSection
	GlobalSection(ExtensibilityGlobals) = postSolution
		SolutionGuid = {45A10925-2D60-4AEA-8954-BE047FAE6DDE}
	EndGlobalSection
EndGlobal
